
Microsoft Visual Studio Solution File, Format Version 12.00
# Visual Studio 15
VisualStudioVersion = 15.0.28307.136
MinimumVisualStudioVersion = 10.0.40219.1
Project("{FAE04EC0-301F-11D3-BF4B-00C04F79EFBC}") = "IEMemMon", "IEMemMon\IEMemMon.csproj", "{057B1F6A-8C77-430F-8633-159A1967528D}"
EndProject
Global
	GlobalSection(SolutionConfigurationPlatforms) = preSolution
		Debug|Any CPU = Debug|Any CPU
		Release|Any CPU = Release|Any CPU
	EndGlobalSection
	GlobalSection(ProjectConfigurationPlatforms) = postSolution
		{057B1F6A-8C77-430F-8633-159A1967528D}.Debug|Any CPU.ActiveCfg = Debug|Any CPU
		{057B1F6A-8C77-430F-8633-159A1967528D}.Debug|Any CPU.Build.0 = Debug|Any CPU
		{057B1F6A-8C77-430F-8633-159A1967528D}.Release|Any CPU.ActiveCfg = Release|Any CPU
		{057B1F6A-8C77-430F-8633-159A1967528D}.Release|Any CPU.Build.0 = Release|Any CPU
	EndGlobalSection
	GlobalSection(SolutionProperties) = preSolution
		HideSolutionNode = FALSE
	EndGlobalSection
	GlobalSection(ExtensibilityGlobals) = postSolution
		SolutionGuid = {729A340B-7887-4C49-8A15-724ACAA61755}
	EndGlobalSection
EndGlobal
